
Microsoft Visual Studio Solution File, Format Version 12.00
Project("{FAE04EC0-301F-11D3-BF4B-00C04F79EFBC}") = "StudyPlannerSoft", "StudyPlannerSoft.csproj", "{97CDC5A9-0305-417B-B82C-B5F1CB019D72}"
EndProject
Global
	GlobalSection(SolutionConfigurationPlatforms) = preSolution
		Debug|Any CPU = Debug|Any CPU
		Release|Any CPU = Release|Any CPU
	EndGlobalSection
	GlobalSection(ProjectConfigurationPlatforms) = postSolution
		{97CDC5A9-0305-417B-B82C-B5F1CB019D72}.Debug|Any CPU.ActiveCfg = Debug|Any CPU
		{97CDC5A9-0305-417B-B82C-B5F1CB019D72}.Debug|Any CPU.Build.0 = Debug|Any CPU
		{97CDC5A9-0305-417B-B82C-B5F1CB019D72}.Release|Any CPU.ActiveCfg = Release|Any CPU
		{97CDC5A9-0305-417B-B82C-B5F1CB019D72}.Release|Any CPU.Build.0 = Release|Any CPU
	EndGlobalSection
EndGlobal
